
Microsoft Visual Studio Solution File, Format Version 12.00
# Visual Studio Version 16
VisualStudioVersion = 16.0.31729.503
MinimumVisualStudioVersion = 10.0.40219.1
Project("{9A19103F-16F7-4668-BE54-9A1E7A4F7556}") = "Ankh-Morpork-game", "Ankh-Morpork-game\Ankh-Morpork-game.csproj", "{E9631291-06E5-4802-8735-33652149A6C3}"
EndProject
Project("{FAE04EC0-301F-11D3-BF4B-00C04F79EFBC}") = "Ankh-Morpork-game.Tests", "Ankh-Morpork-game.Tests\Ankh-Morpork-game.Tests.csproj", "{991E198F-D3AB-4413-946A-B149B211A2BC}"
EndProject
Global
	GlobalSection(SolutionConfigurationPlatforms) = preSolution
		Debug|Any CPU = Debug|Any CPU
		Release|Any CPU = Release|Any CPU
	EndGlobalSection
	GlobalSection(ProjectConfigurationPlatforms) = postSolution
		{E9631291-06E5-4802-8735-33652149A6C3}.Debug|Any CPU.ActiveCfg = Debug|Any CPU
		{E9631291-06E5-4802-8735-33652149A6C3}.Debug|Any CPU.Build.0 = Debug|Any CPU
		{E9631291-06E5-4802-8735-33652149A6C3}.Release|Any CPU.ActiveCfg = Release|Any CPU
		{E9631291-06E5-4802-8735-33652149A6C3}.Release|Any CPU.Build.0 = Release|Any CPU
		{991E198F-D3AB-4413-946A-B149B211A2BC}.Debug|Any CPU.ActiveCfg = Debug|Any CPU
		{991E198F-D3AB-4413-946A-B149B211A2BC}.Debug|Any CPU.Build.0 = Debug|Any CPU
		{991E198F-D3AB-4413-946A-B149B211A2BC}.Release|Any CPU.ActiveCfg = Release|Any CPU
		{991E198F-D3AB-4413-946A-B149B211A2BC}.Release|Any CPU.Build.0 = Release|Any CPU
	EndGlobalSection
	GlobalSection(SolutionProperties) = preSolution
		HideSolutionNode = FALSE
	EndGlobalSection
	GlobalSection(ExtensibilityGlobals) = postSolution
		SolutionGuid = {812421C0-A84F-4C6F-81F2-26027D004C36}
	EndGlobalSection
EndGlobal
